
Microsoft Visual Studio Solution File, Format Version 12.00
# Visual Studio 15
VisualStudioVersion = 15.0.26730.12
MinimumVisualStudioVersion = 10.0.40219.1
Project("{FAE04EC0-301F-11D3-BF4B-00C04F79EFBC}") = "SkiaSharpExample.Android", "SkiaSharpExample\SkiaSharpExample.Android\SkiaSharpExample.Android.csproj", "{EA598EBC-956C-471F-853F-02E5F0D9BB0C}"
EndProject
Project("{FAE04EC0-301F-11D3-BF4B-00C04F79EFBC}") = "SkiaSharpExample", "SkiaSharpExample\SkiaSharpExample\SkiaSharpExample.csproj", "{57437A63-CFC2-4E84-814C-9E6EFC291BF6}"
EndProject
Project("{FAE04EC0-301F-11D3-BF4B-00C04F79EFBC}") = "SkiaSharpExample.UWP", "SkiaSharpExample\SkiaSharpExample.UWP\SkiaSharpExample.UWP.csproj", "{DD5CD4B5-07A3-4A9E-B669-340AC64850F5}"
EndProject
Project("{FAE04EC0-301F-11D3-BF4B-00C04F79EFBC}") = "SkiaSharpExample.iOS", "SkiaSharpExample\SkiaSharpExample.iOS\SkiaSharpExample.iOS.csproj", "{EB285BE1-D4B1-4C1F-BAD1-A52437C109AE}"
EndProject
Global
	GlobalSection(SolutionConfigurationPlatforms) = preSolution
		Ad-Hoc|Any CPU = Ad-Hoc|Any CPU
		Ad-Hoc|ARM = Ad-Hoc|ARM
		Ad-Hoc|iPhone = Ad-Hoc|iPhone
		Ad-Hoc|iPhoneSimulator = Ad-Hoc|iPhoneSimulator
		Ad-Hoc|x64 = Ad-Hoc|x64
		Ad-Hoc|x86 = Ad-Hoc|x86
		AppStore|Any CPU = AppStore|Any CPU
		AppStore|ARM = AppStore|ARM
		AppStore|iPhone = AppStore|iPhone
		AppStore|iPhoneSimulator = AppStore|iPhoneSimulator
		AppStore|x64 = AppStore|x64
		AppStore|x86 = AppStore|x86
		Debug|Any CPU = Debug|Any CPU
		Debug|ARM = Debug|ARM
		Debug|iPhone = Debug|iPhone
		Debug|iPhoneSimulator = Debug|iPhoneSimulator
		Debug|x64 = Debug|x64
		Debug|x86 = Debug|x86
		Release|Any CPU = Release|Any CPU
		Release|ARM = Release|ARM
		Release|iPhone = Release|iPhone
		Release|iPhoneSimulator = Release|iPhoneSimulator
		Release|x64 = Release|x64
		Release|x86 = Release|x86
	EndGlobalSection
	GlobalSection(ProjectConfigurationPlatforms) = postSolution
		{EA598EBC-956C-471F-853F-02E5F0D9BB0C}.Ad-Hoc|Any CPU.ActiveCfg = Release|Any CPU
		{EA598EBC-956C-471F-853F-02E5F0D9BB0C}.Ad-Hoc|Any CPU.Build.0 = Release|Any CPU
		{EA598EBC-956C-471F-853F-02E5F0D9BB0C}.Ad-Hoc|Any CPU.Deploy.0 = Release|Any CPU
		{EA598EBC-956C-471F-853F-02E5F0D9BB0C}.Ad-Hoc|ARM.ActiveCfg = Release|Any CPU
		{EA598EBC-956C-471F-853F-02E5F0D9BB0C}.Ad-Hoc|ARM.Build.0 = Release|Any CPU
		{EA598EBC-956C-471F-853F-02E5F0D9BB0C}.Ad-Hoc|ARM.Deploy.0 = Release|Any CPU
		{EA598EBC-956C-471F-853F-02E5F0D9BB0C}.Ad-Hoc|iPhone.ActiveCfg = Release|Any CPU
		{EA598EBC-956C-471F-853F-02E5F0D9BB0C}.Ad-Hoc|iPhone.Build.0 = Release|Any CPU
		{EA598EBC-956C-471F-853F-02E5F0D9BB0C}.Ad-Hoc|iPhone.Deploy.0 = Release|Any CPU
		{EA598EBC-956C-471F-853F-02E5F0D9BB0C}.Ad-Hoc|iPhoneSimulator.ActiveCfg = Release|Any CPU
		{EA598EBC-956C-471F-853F-02E5F0D9BB0C}.Ad-Hoc|iPhoneSimulator.Build.0 = Release|Any CPU
		{EA598EBC-956C-471F-853F-02E5F0D9BB0C}.Ad-Hoc|iPhoneSimulator.Deploy.0 = Release|Any CPU
		{EA598EBC-956C-471F-853F-02E5F0D9BB0C}.Ad-Hoc|x64.ActiveCfg = Release|Any CPU
		{EA598EBC-956C-471F-853F-02E5F0D9BB0C}.Ad-Hoc|x64.Build.0 = Release|Any CPU
		{EA598EBC-956C-471F-853F-02E5F0D9BB0C}.Ad-Hoc|x64.Deploy.0 = Release|Any CPU
		{EA598EBC-956C-471F-853F-02E5F0D9BB0C}.Ad-Hoc|x86.ActiveCfg = Release|Any CPU
		{EA598EBC-956C-471F-853F-02E5F0D9BB0C}.Ad-Hoc|x86.Build.0 = Release|Any CPU
		{EA598EBC-956C-471F-853F-02E5F0D9BB0C}.Ad-Hoc|x86.Deploy.0 = Release|Any CPU
		{EA598EBC-956C-471F-853F-02E5F0D9BB0C}.AppStore|Any CPU.ActiveCfg = Release|Any CPU
		{EA598EBC-956C-471F-853F-02E5F0D9BB0C}.AppStore|Any CPU.Build.0 = Release|Any CPU
		{EA598EBC-956C-471F-853F-02E5F0D9BB0C}.AppStore|Any CPU.Deploy.0 = Release|Any CPU
		{EA598EBC-956C-471F-853F-02E5F0D9BB0C}.AppStore|ARM.ActiveCfg = Release|Any CPU
		{EA598EBC-956C-471F-853F-02E5F0D9BB0C}.AppStore|ARM.Build.0 = Release|Any CPU
		{EA598EBC-956C-471F-853F-02E5F0D9BB0C}.AppStore|ARM.Deploy.0 = Release|Any CPU
		{EA598EBC-956C-471F-853F-02E5F0D9BB0C}.AppStore|iPhone.ActiveCfg = Release|Any CPU
		{EA598EBC-956C-471F-853F-02E5F0D9BB0C}.AppStore|iPhone.Build.0 = Release|Any CPU
		{EA598EBC-956C-471F-853F-02E5F0D9BB0C}.AppStore|iPhone.Deploy.0 = Release|Any CPU
		{EA598EBC-956C-471F-853F-02E5F0D9BB0C}.AppStore|iPhoneSimulator.ActiveCfg = Release|Any CPU
		{EA598EBC-956C-471F-853F-02E5F0D9BB0C}.AppStore|iPhoneSimulator.Build.0 = Release|Any CPU
		{EA598EBC-956C-471F-853F-02E5F0D9BB0C}.AppStore|iPhoneSimulator.Deploy.0 = Release|Any CPU
		{EA598EBC-956C-471F-853F-02E5F0D9BB0C}.AppStore|x64.ActiveCfg = Release|Any CPU
		{EA598EBC-956C-471F-853F-02E5F0D9BB0C}.AppStore|x64.Build.0 = Release|Any CPU
		{EA598EBC-956C-471F-853F-02E5F0D9BB0C}.AppStore|x64.Deploy.0 = Release|Any CPU
		{EA598EBC-956C-471F-853F-02E5F0D9BB0C}.AppStore|x86.ActiveCfg = Release|Any CPU
		{EA598EBC-956C-471F-853F-02E5F0D9BB0C}.AppStore|x86.Build.0 = Release|Any CPU
		{EA598EBC-956C-471F-853F-02E5F0D9BB0C}.AppStore|x86.Deploy.0 = Release|Any CPU
		{EA598EBC-956C-471F-853F-02E5F0D9BB0C}.Debug|Any CPU.ActiveCfg = Debug|Any CPU
		{EA598EBC-956C-471F-853F-02E5F0D9BB0C}.Debug|Any CPU.Build.0 = Debug|Any CPU
		{EA598EBC-956C-471F-853F-02E5F0D9BB0C}.Debug|Any CPU.Deploy.0 = Debug|Any CPU
		{EA598EBC-956C-471F-853F-02E5F0D9BB0C}.Debug|ARM.ActiveCfg = Debug|Any CPU
		{EA598EBC-956C-471F-853F-02E5F0D9BB0C}.Debug|ARM.Build.0 = Debug|Any CPU
		{EA598EBC-956C-471F-853F-02E5F0D9BB0C}.Debug|ARM.Deploy.0 = Debug|Any CPU
		{EA598EBC-956C-471F-853F-02E5F0D9BB0C}.Debug|iPhone.ActiveCfg = Debug|Any CPU
		{EA598EBC-956C-471F-853F-02E5F0D9BB0C}.Debug|iPhone.Build.0 = Debug|Any CPU
		{EA598EBC-956C-471F-853F-02E5F0D9BB0C}.Debug|iPhone.Deploy.0 = Debug|Any CPU
		{EA598EBC-956C-471F-853F-02E5F0D9BB0C}.Debug|iPhoneSimulator.ActiveCfg = Debug|Any CPU
		{EA598EBC-956C-471F-853F-02E5F0D9BB0C}.Debug|iPhoneSimulator.Build.0 = Debug|Any CPU
		{EA598EBC-956C-471F-853F-02E5F0D9BB0C}.Debug|iPhoneSimulator.Deploy.0 = Debug|Any CPU
		{EA598EBC-956C-471F-853F-02E5F0D9BB0C}.Debug|x64.ActiveCfg = Debug|Any CPU
		{EA598EBC-956C-471F-853F-02E5F0D9BB0C}.Debug|x64.Build.0 = Debug|Any CPU
		{EA598EBC-956C-471F-853F-02E5F0D9BB0C}.Debug|x64.Deploy.0 = Debug|Any CPU
		{EA598EBC-956C-471F-853F-02E5F0D9BB0C}.Debug|x86.ActiveCfg = Debug|Any CPU
		{EA598EBC-956C-471F-853F-02E5F0D9BB0C}.Debug|x86.Build.0 = Debug|Any CPU
		{EA598EBC-956C-471F-853F-02E5F0D9BB0C}.Debug|x86.Deploy.0 = Debug|Any CPU
		{EA598EBC-956C-471F-853F-02E5F0D9BB0C}.Release|Any CPU.ActiveCfg = Release|Any CPU
		{EA598EBC-956C-471F-853F-02E5F0D9BB0C}.Release|Any CPU.Build.0 = Release|Any CPU
		{EA598EBC-956C-471F-853F-02E5F0D9BB0C}.Release|Any CPU.Deploy.0 = Release|Any CPU
		{EA598EBC-956C-471F-853F-02E5F0D9BB0C}.Release|ARM.ActiveCfg = Release|Any CPU
		{EA598EBC-956C-471F-853F-02E5F0D9BB0C}.Release|ARM.Build.0 = Release|Any CPU
		{EA598EBC-956C-471F-853F-02E5F0D9BB0C}.Release|ARM.Deploy.0 = Release|Any CPU
		{EA598EBC-956C-471F-853F-02E5F0D9BB0C}.Release|iPhone.ActiveCfg = Release|Any CPU
		{EA598EBC-956C-471F-853F-02E5F0D9BB0C}.Release|iPhone.Build.0 = Release|Any CPU
		{EA598EBC-956C-471F-853F-02E5F0D9BB0C}.Release|iPhone.Deploy.0 = Release|Any CPU
		{EA598EBC-956C-471F-853F-02E5F0D9BB0C}.Release|iPhoneSimulator.ActiveCfg = Release|Any CPU
		{EA598EBC-956C-471F-853F-02E5F0D9BB0C}.Release|iPhoneSimulator.Build.0 = Release|Any CPU
		{EA598EBC-956C-471F-853F-02E5F0D9BB0C}.Release|iPhoneSimulator.Deploy.0 = Release|Any CPU
		{EA598EBC-956C-471F-853F-02E5F0D9BB0C}.Release|x64.ActiveCfg = Release|Any CPU
		{EA598EBC-956C-471F-853F-02E5F0D9BB0C}.Release|x64.Build.0 = Release|Any CPU
		{EA598EBC-956C-471F-853F-02E5F0D9BB0C}.Release|x64.Deploy.0 = Release|Any CPU
		{EA598EBC-956C-471F-853F-02E5F0D9BB0C}.Release|x86.ActiveCfg = Release|Any CPU
		{EA598EBC-956C-471F-853F-02E5F0D9BB0C}.Release|x86.Build.0 = Release|Any CPU
		{EA598EBC-956C-471F-853F-02E5F0D9BB0C}.Release|x86.Deploy.0 = Release|Any CPU
		{57437A63-CFC2-4E84-814C-9E6EFC291BF6}.Ad-Hoc|Any CPU.ActiveCfg = Release|Any CPU
		{57437A63-CFC2-4E84-814C-9E6EFC291BF6}.Ad-Hoc|Any CPU.Build.0 = Release|Any CPU
		{57437A63-CFC2-4E84-814C-9E6EFC291BF6}.Ad-Hoc|ARM.ActiveCfg = Release|Any CPU
		{57437A63-CFC2-4E84-814C-9E6EFC291BF6}.Ad-Hoc|ARM.Build.0 = Release|Any CPU
		{57437A63-CFC2-4E84-814C-9E6EFC291BF6}.Ad-Hoc|iPhone.ActiveCfg = Release|Any CPU
		{57437A63-CFC2-4E84-814C-9E6EFC291BF6}.Ad-Hoc|iPhone.Build.0 = Release|Any CPU
		{57437A63-CFC2-4E84-814C-9E6EFC291BF6}.Ad-Hoc|iPhoneSimulator.ActiveCfg = Release|Any CPU
		{57437A63-CFC2-4E84-814C-9E6EFC291BF6}.Ad-Hoc|iPhoneSimulator.Build.0 = Release|Any CPU
		{57437A63-CFC2-4E84-814C-9E6EFC291BF6}.Ad-Hoc|x64.ActiveCfg = Release|Any CPU
		{57437A63-CFC2-4E84-814C-9E6EFC291BF6}.Ad-Hoc|x64.Build.0 = Release|Any CPU
		{57437A63-CFC2-4E84-814C-9E6EFC291BF6}.Ad-Hoc|x86.ActiveCfg = Release|Any CPU
		{57437A63-CFC2-4E84-814C-9E6EFC291BF6}.Ad-Hoc|x86.Build.0 = Release|Any CPU
		{57437A63-CFC2-4E84-814C-9E6EFC291BF6}.AppStore|Any CPU.ActiveCfg = Release|Any CPU
		{57437A63-CFC2-4E84-814C-9E6EFC291BF6}.AppStore|Any CPU.Build.0 = Release|Any CPU
		{57437A63-CFC2-4E84-814C-9E6EFC291BF6}.AppStore|ARM.ActiveCfg = Release|Any CPU
		{57437A63-CFC2-4E84-814C-9E6EFC291BF6}.AppStore|ARM.Build.0 = Release|Any CPU
		{57437A63-CFC2-4E84-814C-9E6EFC291BF6}.AppStore|iPhone.ActiveCfg = Release|Any CPU
		{57437A63-CFC2-4E84-814C-9E6EFC291BF6}.AppStore|iPhone.Build.0 = Release|Any CPU
		{57437A63-CFC2-4E84-814C-9E6EFC291BF6}.AppStore|iPhoneSimulator.ActiveCfg = Release|Any CPU
		{57437A63-CFC2-4E84-814C-9E6EFC291BF6}.AppStore|iPhoneSimulator.Build.0 = Release|Any CPU
		{57437A63-CFC2-4E84-814C-9E6EFC291BF6}.AppStore|x64.ActiveCfg = Release|Any CPU
		{57437A63-CFC2-4E84-814C-9E6EFC291BF6}.AppStore|x64.Build.0 = Release|Any CPU
		{57437A63-CFC2-4E84-814C-9E6EFC291BF6}.AppStore|x86.ActiveCfg = Release|Any CPU
		{57437A63-CFC2-4E84-814C-9E6EFC291BF6}.AppStore|x86.Build.0 = Release|Any CPU
		{57437A63-CFC2-4E84-814C-9E6EFC291BF6}.Debug|Any CPU.ActiveCfg = Debug|Any CPU
		{57437A63-CFC2-4E84-814C-9E6EFC291BF6}.Debug|Any CPU.Build.0 = Debug|Any CPU
		{57437A63-CFC2-4E84-814C-9E6EFC291BF6}.Debug|ARM.ActiveCfg = Debug|Any CPU
		{57437A63-CFC2-4E84-814C-9E6EFC291BF6}.Debug|ARM.Build.0 = Debug|Any CPU
		{57437A63-CFC2-4E84-814C-9E6EFC291BF6}.Debug|iPhone.ActiveCfg = Debug|Any CPU
		{57437A63-CFC2-4E84-814C-9E6EFC291BF6}.Debug|iPhone.Build.0 = Debug|Any CPU
		{57437A63-CFC2-4E84-814C-9E6EFC291BF6}.Debug|iPhoneSimulator.ActiveCfg = Debug|Any CPU
		{57437A63-CFC2-4E84-814C-9E6EFC291BF6}.Debug|iPhoneSimulator.Build.0 = Debug|Any CPU
		{57437A63-CFC2-4E84-814C-9E6EFC291BF6}.Debug|x64.ActiveCfg = Debug|Any CPU
		{57437A63-CFC2-4E84-814C-9E6EFC291BF6}.Debug|x64.Build.0 = Debug|Any CPU
		{57437A63-CFC2-4E84-814C-9E6EFC291BF6}.Debug|x86.ActiveCfg = Debug|Any CPU
		{57437A63-CFC2-4E84-814C-9E6EFC291BF6}.Debug|x86.Build.0 = Debug|Any CPU
		{57437A63-CFC2-4E84-814C-9E6EFC291BF6}.Release|Any CPU.ActiveCfg = Release|Any CPU
		{57437A63-CFC2-4E84-814C-9E6EFC291BF6}.Release|Any CPU.Build.0 = Release|Any CPU
		{57437A63-CFC2-4E84-814C-9E6EFC291BF6}.Release|ARM.ActiveCfg = Release|Any CPU
		{57437A63-CFC2-4E84-814C-9E6EFC291BF6}.Release|ARM.Build.0 = Release|Any CPU
		{57437A63-CFC2-4E84-814C-9E6EFC291BF6}.Release|iPhone.ActiveCfg = Release|Any CPU
		{57437A63-CFC2-4E84-814C-9E6EFC291BF6}.Release|iPhone.Build.0 = Release|Any CPU
		{57437A63-CFC2-4E84-814C-9E6EFC291BF6}.Release|iPhoneSimulator.ActiveCfg = Release|Any CPU
		{57437A63-CFC2-4E84-814C-9E6EFC291BF6}.Release|iPhoneSimulator.Build.0 = Release|Any CPU
		{57437A63-CFC2-4E84-814C-9E6EFC291BF6}.Release|x64.ActiveCfg = Release|Any CPU
		{57437A63-CFC2-4E84-814C-9E6EFC291BF6}.Release|x64.Build.0 = Release|Any CPU
		{57437A63-CFC2-4E84-814C-9E6EFC291BF6}.Release|x86.ActiveCfg = Release|Any CPU
		{57437A63-CFC2-4E84-814C-9E6EFC291BF6}.Release|x86.Build.0 = Release|Any CPU
		{DD5CD4B5-07A3-4A9E-B669-340AC64850F5}.Ad-Hoc|Any CPU.ActiveCfg = Release|x86
		{DD5CD4B5-07A3-4A9E-B669-340AC64850F5}.Ad-Hoc|Any CPU.Build.0 = Release|x86
		{DD5CD4B5-07A3-4A9E-B669-340AC64850F5}.Ad-Hoc|Any CPU.Deploy.0 = Release|x86
		{DD5CD4B5-07A3-4A9E-B669-340AC64850F5}.Ad-Hoc|ARM.ActiveCfg = Release|ARM
		{DD5CD4B5-07A3-4A9E-B669-340AC64850F5}.Ad-Hoc|ARM.Build.0 = Release|ARM
		{DD5CD4B5-07A3-4A9E-B669-340AC64850F5}.Ad-Hoc|ARM.Deploy.0 = Release|ARM
		{DD5CD4B5-07A3-4A9E-B669-340AC64850F5}.Ad-Hoc|iPhone.ActiveCfg = Release|x86
		{DD5CD4B5-07A3-4A9E-B669-340AC64850F5}.Ad-Hoc|iPhone.Build.0 = Release|x86
		{DD5CD4B5-07A3-4A9E-B669-340AC64850F5}.Ad-Hoc|iPhone.Deploy.0 = Release|x86
		{DD5CD4B5-07A3-4A9E-B669-340AC64850F5}.Ad-Hoc|iPhoneSimulator.ActiveCfg = Release|x86
		{DD5CD4B5-07A3-4A9E-B669-340AC64850F5}.Ad-Hoc|iPhoneSimulator.Build.0 = Release|x86
		{DD5CD4B5-07A3-4A9E-B669-340AC64850F5}.Ad-Hoc|iPhoneSimulator.Deploy.0 = Release|x86
		{DD5CD4B5-07A3-4A9E-B669-340AC64850F5}.Ad-Hoc|x64.ActiveCfg = Release|x64
		{DD5CD4B5-07A3-4A9E-B669-340AC64850F5}.Ad-Hoc|x64.Build.0 = Release|x64
		{DD5CD4B5-07A3-4A9E-B669-340AC64850F5}.Ad-Hoc|x64.Deploy.0 = Release|x64
		{DD5CD4B5-07A3-4A9E-B669-340AC64850F5}.Ad-Hoc|x86.ActiveCfg = Release|x86
		{DD5CD4B5-07A3-4A9E-B669-340AC64850F5}.Ad-Hoc|x86.Build.0 = Release|x86
		{DD5CD4B5-07A3-4A9E-B669-340AC64850F5}.Ad-Hoc|x86.Deploy.0 = Release|x86
		{DD5CD4B5-07A3-4A9E-B669-340AC64850F5}.AppStore|Any CPU.ActiveCfg = Release|x86
		{DD5CD4B5-07A3-4A9E-B669-340AC64850F5}.AppStore|Any CPU.Build.0 = Release|x86
		{DD5CD4B5-07A3-4A9E-B669-340AC64850F5}.AppStore|Any CPU.Deploy.0 = Release|x86
		{DD5CD4B5-07A3-4A9E-B669-340AC64850F5}.AppStore|ARM.ActiveCfg = Release|ARM
		{DD5CD4B5-07A3-4A9E-B669-340AC64850F5}.AppStore|ARM.Build.0 = Release|ARM
		{DD5CD4B5-07A3-4A9E-B669-340AC64850F5}.AppStore|ARM.Deploy.0 = Release|ARM
		{DD5CD4B5-07A3-4A9E-B669-340AC64850F5}.AppStore|iPhone.ActiveCfg = Release|x86
		{DD5CD4B5-07A3-4A9E-B669-340AC64850F5}.AppStore|iPhone.Build.0 = Release|x86
		{DD5CD4B5-07A3-4A9E-B669-340AC64850F5}.AppStore|iPhone.Deploy.0 = Release|x86
		{DD5CD4B5-07A3-4A9E-B669-340AC64850F5}.AppStore|iPhoneSimulator.ActiveCfg = Release|x86
		{DD5CD4B5-07A3-4A9E-B669-340AC64850F5}.AppStore|iPhoneSimulator.Build.0 = Release|x86
		{DD5CD4B5-07A3-4A9E-B669-340AC64850F5}.AppStore|iPhoneSimulator.Deploy.0 = Release|x86
		{DD5CD4B5-07A3-4A9E-B669-340AC64850F5}.AppStore|x64.ActiveCfg = Release|x64
		{DD5CD4B5-07A3-4A9E-B669-340AC64850F5}.AppStore|x64.Build.0 = Release|x64
		{DD5CD4B5-07A3-4A9E-B669-340AC64850F5}.AppStore|x64.Deploy.0 = Release|x64
		{DD5CD4B5-07A3-4A9E-B669-340AC64850F5}.AppStore|x86.ActiveCfg = Release|x86
		{DD5CD4B5-07A3-4A9E-B669-340AC64850F5}.AppStore|x86.Build.0 = Release|x86
		{DD5CD4B5-07A3-4A9E-B669-340AC64850F5}.AppStore|x86.Deploy.0 = Release|x86
		{DD5CD4B5-07A3-4A9E-B669-340AC64850F5}.Debug|Any CPU.ActiveCfg = Debug|x86
		{DD5CD4B5-07A3-4A9E-B669-340AC64850F5}.Debug|ARM.ActiveCfg = Debug|ARM
		{DD5CD4B5-07A3-4A9E-B669-340AC64850F5}.Debug|ARM.Build.0 = Debug|ARM
		{DD5CD4B5-07A3-4A9E-B669-340AC64850F5}.Debug|ARM.Deploy.0 = Debug|ARM
		{DD5CD4B5-07A3-4A9E-B669-340AC64850F5}.Debug|iPhone.ActiveCfg = Debug|x86
		{DD5CD4B5-07A3-4A9E-B669-340AC64850F5}.Debug|iPhoneSimulator.ActiveCfg = Debug|x86
		{DD5CD4B5-07A3-4A9E-B669-340AC64850F5}.Debug|x64.ActiveCfg = Debug|x64
		{DD5CD4B5-07A3-4A9E-B669-340AC64850F5}.Debug|x64.Build.0 = Debug|x64
		{DD5CD4B5-07A3-4A9E-B669-340AC64850F5}.Debug|x64.Deploy.0 = Debug|x64
		{DD5CD4B5-07A3-4A9E-B669-340AC64850F5}.Debug|x86.ActiveCfg = Debug|x86
		{DD5CD4B5-07A3-4A9E-B669-340AC64850F5}.Debug|x86.Build.0 = Debug|x86
		{DD5CD4B5-07A3-4A9E-B669-340AC64850F5}.Debug|x86.Deploy.0 = Debug|x86
		{DD5CD4B5-07A3-4A9E-B669-340AC64850F5}.Release|Any CPU.ActiveCfg = Release|x86
		{DD5CD4B5-07A3-4A9E-B669-340AC64850F5}.Release|ARM.ActiveCfg = Release|ARM
		{DD5CD4B5-07A3-4A9E-B669-340AC64850F5}.Release|ARM.Build.0 = Release|ARM
		{DD5CD4B5-07A3-4A9E-B669-340AC64850F5}.Release|ARM.Deploy.0 = Release|ARM
		{DD5CD4B5-07A3-4A9E-B669-340AC64850F5}.Release|iPhone.ActiveCfg = Release|x86
		{DD5CD4B5-07A3-4A9E-B669-340AC64850F5}.Release|iPhoneSimulator.ActiveCfg = Release|x86
		{DD5CD4B5-07A3-4A9E-B669-340AC64850F5}.Release|x64.ActiveCfg = Release|x64
		{DD5CD4B5-07A3-4A9E-B669-340AC64850F5}.Release|x64.Build.0 = Release|x64
		{DD5CD4B5-07A3-4A9E-B669-340AC64850F5}.Release|x64.Deploy.0 = Release|x64
		{DD5CD4B5-07A3-4A9E-B669-340AC64850F5}.Release|x86.ActiveCfg = Release|x86
		{DD5CD4B5-07A3-4A9E-B669-340AC64850F5}.Release|x86.Build.0 = Release|x86
		{DD5CD4B5-07A3-4A9E-B669-340AC64850F5}.Release|x86.Deploy.0 = Release|x86
		{EB285BE1-D4B1-4C1F-BAD1-A52437C109AE}.Ad-Hoc|Any CPU.ActiveCfg = Ad-Hoc|iPhone
		{EB285BE1-D4B1-4C1F-BAD1-A52437C109AE}.Ad-Hoc|ARM.ActiveCfg = Ad-Hoc|iPhone
		{EB285BE1-D4B1-4C1F-BAD1-A52437C109AE}.Ad-Hoc|iPhone.ActiveCfg = Ad-Hoc|iPhone
		{EB285BE1-D4B1-4C1F-BAD1-A52437C109AE}.Ad-Hoc|iPhone.Build.0 = Ad-Hoc|iPhone
		{EB285BE1-D4B1-4C1F-BAD1-A52437C109AE}.Ad-Hoc|iPhoneSimulator.ActiveCfg = Ad-Hoc|iPhoneSimulator
		{EB285BE1-D4B1-4C1F-BAD1-A52437C109AE}.Ad-Hoc|iPhoneSimulator.Build.0 = Ad-Hoc|iPhoneSimulator
		{EB285BE1-D4B1-4C1F-BAD1-A52437C109AE}.Ad-Hoc|x64.ActiveCfg = Ad-Hoc|iPhone
		{EB285BE1-D4B1-4C1F-BAD1-A52437C109AE}.Ad-Hoc|x86.ActiveCfg = Ad-Hoc|iPhone
		{EB285BE1-D4B1-4C1F-BAD1-A52437C109AE}.AppStore|Any CPU.ActiveCfg = AppStore|iPhone
		{EB285BE1-D4B1-4C1F-BAD1-A52437C109AE}.AppStore|ARM.ActiveCfg = AppStore|iPhone
		{EB285BE1-D4B1-4C1F-BAD1-A52437C109AE}.AppStore|iPhone.ActiveCfg = AppStore|iPhone
		{EB285BE1-D4B1-4C1F-BAD1-A52437C109AE}.AppStore|iPhone.Build.0 = AppStore|iPhone
		{EB285BE1-D4B1-4C1F-BAD1-A52437C109AE}.AppStore|iPhoneSimulator.ActiveCfg = AppStore|iPhoneSimulator
		{EB285BE1-D4B1-4C1F-BAD1-A52437C109AE}.AppStore|iPhoneSimulator.Build.0 = AppStore|iPhoneSimulator
		{EB285BE1-D4B1-4C1F-BAD1-A52437C109AE}.AppStore|x64.ActiveCfg = AppStore|iPhone
		{EB285BE1-D4B1-4C1F-BAD1-A52437C109AE}.AppStore|x86.ActiveCfg = AppStore|iPhone
		{EB285BE1-D4B1-4C1F-BAD1-A52437C109AE}.Debug|Any CPU.ActiveCfg = Debug|iPhone
		{EB285BE1-D4B1-4C1F-BAD1-A52437C109AE}.Debug|ARM.ActiveCfg = Debug|iPhone
		{EB285BE1-D4B1-4C1F-BAD1-A52437C109AE}.Debug|iPhone.ActiveCfg = Debug|iPhone
		{EB285BE1-D4B1-4C1F-BAD1-A52437C109AE}.Debug|iPhone.Build.0 = Debug|iPhone
		{EB285BE1-D4B1-4C1F-BAD1-A52437C109AE}.Debug|iPhoneSimulator.ActiveCfg = Debug|iPhoneSimulator
		{EB285BE1-D4B1-4C1F-BAD1-A52437C109AE}.Debug|iPhoneSimulator.Build.0 = Debug|iPhoneSimulator
		{EB285BE1-D4B1-4C1F-BAD1-A52437C109AE}.Debug|x64.ActiveCfg = Debug|iPhone
		{EB285BE1-D4B1-4C1F-BAD1-A52437C109AE}.Debug|x86.ActiveCfg = Debug|iPhone
		{EB285BE1-D4B1-4C1F-BAD1-A52437C109AE}.Release|Any CPU.ActiveCfg = Release|iPhone
		{EB285BE1-D4B1-4C1F-BAD1-A52437C109AE}.Release|ARM.ActiveCfg = Release|iPhone
		{EB285BE1-D4B1-4C1F-BAD1-A52437C109AE}.Release|iPhone.ActiveCfg = Release|iPhone
		{EB285BE1-D4B1-4C1F-BAD1-A52437C109AE}.Release|iPhone.Build.0 = Release|iPhone
		{EB285BE1-D4B1-4C1F-BAD1-A52437C109AE}.Release|iPhoneSimulator.ActiveCfg = Release|iPhoneSimulator
		{EB285BE1-D4B1-4C1F-BAD1-A52437C109AE}.Release|iPhoneSimulator.Build.0 = Release|iPhoneSimulator
		{EB285BE1-D4B1-4C1F-BAD1-A52437C109AE}.Release|x64.ActiveCfg = Release|iPhone
		{EB285BE1-D4B1-4C1F-BAD1-A52437C109AE}.Release|x86.ActiveCfg = Release|iPhone
	EndGlobalSection
	GlobalSection(SolutionProperties) = preSolution
		HideSolutionNode = FALSE
	EndGlobalSection
	GlobalSection(ExtensibilityGlobals) = postSolution
		SolutionGuid = {DF706A9B-45D0-4FF9-8D78-8B75AAD128A5}
	EndGlobalSection
EndGlobal
